
Microsoft Visual Studio Solution File, Format Version 12.00
# Visual Studio 14
VisualStudioVersion = 14.0.25123.0
MinimumVisualStudioVersion = 10.0.40219.1
Project("{8BC9CEB8-8B4A-11D0-8D11-00A0C91BC942}") = "work record", "work record\work record.vcxproj", "{FAE8F103-2AA4-4C97-8F15-47EDE0332FD7}"
EndProject
Project("{8BC9CEB8-8B4A-11D0-8D11-00A0C91BC942}") = "arrow test", "arrow test\arrow test.vcxproj", "{EA031F42-9845-4851-8829-9603162010E4}"
EndProject
Project("{8BC9CEB8-8B4A-11D0-8D11-00A0C91BC942}") = "Drawllie test", "Drawllie test\Drawllie test.vcxproj", "{2E1B9100-341B-437E-B153-04873956768B}"
EndProject
Project("{8BC9CEB8-8B4A-11D0-8D11-00A0C91BC942}") = "Menu", "Menu\Menu.vcxproj", "{6580A8A2-5A31-4316-B31B-CB1504E263CE}"
EndProject
Global
	GlobalSection(SolutionConfigurationPlatforms) = preSolution
		Debug|x64 = Debug|x64
		Debug|x86 = Debug|x86
		Release|x64 = Release|x64
		Release|x86 = Release|x86
	EndGlobalSection
	GlobalSection(ProjectConfigurationPlatforms) = postSolution
		{FAE8F103-2AA4-4C97-8F15-47EDE0332FD7}.Debug|x64.ActiveCfg = Debug|x64
		{FAE8F103-2AA4-4C97-8F15-47EDE0332FD7}.Debug|x64.Build.0 = Debug|x64
		{FAE8F103-2AA4-4C97-8F15-47EDE0332FD7}.Debug|x86.ActiveCfg = Debug|Win32
		{FAE8F103-2AA4-4C97-8F15-47EDE0332FD7}.Debug|x86.Build.0 = Debug|Win32
		{FAE8F103-2AA4-4C97-8F15-47EDE0332FD7}.Release|x64.ActiveCfg = Release|x64
		{FAE8F103-2AA4-4C97-8F15-47EDE0332FD7}.Release|x64.Build.0 = Release|x64
		{FAE8F103-2AA4-4C97-8F15-47EDE0332FD7}.Release|x86.ActiveCfg = Release|Win32
		{FAE8F103-2AA4-4C97-8F15-47EDE0332FD7}.Release|x86.Build.0 = Release|Win32
		{EA031F42-9845-4851-8829-9603162010E4}.Debug|x64.ActiveCfg = Debug|x64
		{EA031F42-9845-4851-8829-9603162010E4}.Debug|x64.Build.0 = Debug|x64
		{EA031F42-9845-4851-8829-9603162010E4}.Debug|x86.ActiveCfg = Debug|Win32
		{EA031F42-9845-4851-8829-9603162010E4}.Debug|x86.Build.0 = Debug|Win32
		{EA031F42-9845-4851-8829-9603162010E4}.Release|x64.ActiveCfg = Release|x64
		{EA031F42-9845-4851-8829-9603162010E4}.Release|x64.Build.0 = Release|x64
		{EA031F42-9845-4851-8829-9603162010E4}.Release|x86.ActiveCfg = Release|Win32
		{EA031F42-9845-4851-8829-9603162010E4}.Release|x86.Build.0 = Release|Win32
		{2E1B9100-341B-437E-B153-04873956768B}.Debug|x64.ActiveCfg = Debug|x64
		{2E1B9100-341B-437E-B153-04873956768B}.Debug|x64.Build.0 = Debug|x64
		{2E1B9100-341B-437E-B153-04873956768B}.Debug|x86.ActiveCfg = Debug|Win32
		{2E1B9100-341B-437E-B153-04873956768B}.Debug|x86.Build.0 = Debug|Win32
		{2E1B9100-341B-437E-B153-04873956768B}.Release|x64.ActiveCfg = Release|x64
		{2E1B9100-341B-437E-B153-04873956768B}.Release|x64.Build.0 = Release|x64
		{2E1B9100-341B-437E-B153-04873956768B}.Release|x86.ActiveCfg = Release|Win32
		{2E1B9100-341B-437E-B153-04873956768B}.Release|x86.Build.0 = Release|Win32
		{6580A8A2-5A31-4316-B31B-CB1504E263CE}.Debug|x64.ActiveCfg = Debug|x64
		{6580A8A2-5A31-4316-B31B-CB1504E263CE}.Debug|x64.Build.0 = Debug|x64
		{6580A8A2-5A31-4316-B31B-CB1504E263CE}.Debug|x86.ActiveCfg = Debug|Win32
		{6580A8A2-5A31-4316-B31B-CB1504E263CE}.Debug|x86.Build.0 = Debug|Win32
		{6580A8A2-5A31-4316-B31B-CB1504E263CE}.Release|x64.ActiveCfg = Release|x64
		{6580A8A2-5A31-4316-B31B-CB1504E263CE}.Release|x64.Build.0 = Release|x64
		{6580A8A2-5A31-4316-B31B-CB1504E263CE}.Release|x86.ActiveCfg = Release|Win32
		{6580A8A2-5A31-4316-B31B-CB1504E263CE}.Release|x86.Build.0 = Release|Win32
	EndGlobalSection
	GlobalSection(SolutionProperties) = preSolution
		HideSolutionNode = FALSE
	EndGlobalSection
EndGlobal
